
Microsoft Visual Studio Solution File, Format Version 12.00
# Visual Studio Version 16
VisualStudioVersion = 16.0.29709.97
MinimumVisualStudioVersion = 10.0.40219.1
Project("{FAE04EC0-301F-11D3-BF4B-00C04F79EFBC}") = "WindowsFormsApp1", "WindowsFormsApp1\WindowsFormsApp1.csproj", "{61FEA7BB-112F-46AD-BEE8-2F4C758161CE}"
EndProject
Global
	GlobalSection(SolutionConfigurationPlatforms) = preSolution
		Debug|Any CPU = Debug|Any CPU
		Debug|ARM = Debug|ARM
		Debug|ARM64 = Debug|ARM64
		Debug|x64 = Debug|x64
		Debug|x86 = Debug|x86
		Release|Any CPU = Release|Any CPU
		Release|ARM = Release|ARM
		Release|ARM64 = Release|ARM64
		Release|x64 = Release|x64
		Release|x86 = Release|x86
	EndGlobalSection
	GlobalSection(ProjectConfigurationPlatforms) = postSolution
		{61FEA7BB-112F-46AD-BEE8-2F4C758161CE}.Debug|Any CPU.ActiveCfg = Debug|Any CPU
		{61FEA7BB-112F-46AD-BEE8-2F4C758161CE}.Debug|Any CPU.Build.0 = Debug|Any CPU
		{61FEA7BB-112F-46AD-BEE8-2F4C758161CE}.Debug|ARM.ActiveCfg = Debug|Any CPU
		{61FEA7BB-112F-46AD-BEE8-2F4C758161CE}.Debug|ARM.Build.0 = Debug|Any CPU
		{61FEA7BB-112F-46AD-BEE8-2F4C758161CE}.Debug|ARM64.ActiveCfg = Debug|Any CPU
		{61FEA7BB-112F-46AD-BEE8-2F4C758161CE}.Debug|ARM64.Build.0 = Debug|Any CPU
		{61FEA7BB-112F-46AD-BEE8-2F4C758161CE}.Debug|x64.ActiveCfg = Debug|Any CPU
		{61FEA7BB-112F-46AD-BEE8-2F4C758161CE}.Debug|x64.Build.0 = Debug|Any CPU
		{61FEA7BB-112F-46AD-BEE8-2F4C758161CE}.Debug|x86.ActiveCfg = Debug|Any CPU
		{61FEA7BB-112F-46AD-BEE8-2F4C758161CE}.Debug|x86.Build.0 = Debug|Any CPU
		{61FEA7BB-112F-46AD-BEE8-2F4C758161CE}.Release|Any CPU.ActiveCfg = Release|Any CPU
		{61FEA7BB-112F-46AD-BEE8-2F4C758161CE}.Release|Any CPU.Build.0 = Release|Any CPU
		{61FEA7BB-112F-46AD-BEE8-2F4C758161CE}.Release|ARM.ActiveCfg = Release|Any CPU
		{61FEA7BB-112F-46AD-BEE8-2F4C758161CE}.Release|ARM.Build.0 = Release|Any CPU
		{61FEA7BB-112F-46AD-BEE8-2F4C758161CE}.Release|ARM64.ActiveCfg = Release|Any CPU
		{61FEA7BB-112F-46AD-BEE8-2F4C758161CE}.Release|ARM64.Build.0 = Release|Any CPU
		{61FEA7BB-112F-46AD-BEE8-2F4C758161CE}.Release|x64.ActiveCfg = Release|Any CPU
		{61FEA7BB-112F-46AD-BEE8-2F4C758161CE}.Release|x64.Build.0 = Release|Any CPU
		{61FEA7BB-112F-46AD-BEE8-2F4C758161CE}.Release|x86.ActiveCfg = Release|Any CPU
		{61FEA7BB-112F-46AD-BEE8-2F4C758161CE}.Release|x86.Build.0 = Release|Any CPU
	EndGlobalSection
	GlobalSection(SolutionProperties) = preSolution
		HideSolutionNode = FALSE
	EndGlobalSection
	GlobalSection(ExtensibilityGlobals) = postSolution
		SolutionGuid = {E5001C64-ED66-48C3-A68F-DD59BD124469}
	EndGlobalSection
EndGlobal
